// !$*UTF8*$!
{
	archiveVersion = 1;
	classes = {
	};
	objectVersion = 46;
	objects = {

/* Begin PBXBuildFile section */
		89F3FA8D1B7B2217003A7BB8 /* main.m in Sources */ = {isa = PBXBuildFile; fileRef = 89F3FA8C1B7B2217003A7BB8 /* main.m */; };
		89F3FA901B7B2217003A7BB8 /* AppDelegate.m in Sources */ = {isa = PBXBuildFile; fileRef = 89F3FA8F1B7B2217003A7BB8 /* AppDelegate.m */; };
		89F3FA931B7B2217003A7BB8 /* ViewController.m in Sources */ = {isa = PBXBuildFile; fileRef = 89F3FA921B7B2217003A7BB8 /* ViewController.m */; };
		89F3FA961B7B2217003A7BB8 /* Main.storyboard in Resources */ = {isa = PBXBuildFile; fileRef = 89F3FA941B7B2217003A7BB8 /* Main.storyboard */; };
		89F3FA981B7B2217003A7BB8 /* Images.xcassets in Resources */ = {isa = PBXBuildFile; fileRef = 89F3FA971B7B2217003A7BB8 /* Images.xcassets */; };
		89F3FA9B1B7B2217003A7BB8 /* LaunchScreen.xib in Resources */ = {isa = PBXBuildFile; fileRef = 89F3FA991B7B2217003A7BB8 /* LaunchScreen.xib */; };
		89F3FAA71B7B2217003A7BB8 /* WDCustomKeyboardTests.m in Sources */ = {isa = PBXBuildFile; fileRef = 89F3FAA61B7B2217003A7BB8 /* WDCustomKeyboardTests.m */; };
		89F3FAB31B7B2298003A7BB8 /* WDCustomKeyboard.m in Sources */ = {isa = PBXBuildFile; fileRef = 89F3FAB21B7B2298003A7BB8 /* WDCustomKeyboard.m */; };
		89F3FAB61B7B2A77003A7BB8 /* WDKeyboard.c in Sources */ = {isa = PBXBuildFile; fileRef = 89F3FAB41B7B2A77003A7BB8 /* WDKeyboard.c */; };
/* End PBXBuildFile section */

/* Begin PBXContainerItemProxy section */
		89F3FAA11B7B2217003A7BB8 /* PBXContainerItemProxy */ = {
			isa = PBXContainerItemProxy;
			containerPortal = 89F3FA7F1B7B2217003A7BB8 /* Project object */;
			proxyType = 1;
			remoteGlobalIDString = 89F3FA861B7B2217003A7BB8;
			remoteInfo = WDCustomKeyboard;
		};
/* End PBXContainerItemProxy section */

/* Begin PBXFileReference section */
		89F3FA871B7B2217003A7BB8 /* WDCustomKeyboard.app */ = {isa = PBXFileReference; explicitFileType = wrapper.application; includeInIndex = 0; path = WDCustomKeyboard.app; sourceTree = BUILT_PRODUCTS_DIR; };
		89F3FA8B1B7B2217003A7BB8 /* Info.plist */ = {isa = PBXFileReference; lastKnownFileType = text.plist.xml; path = Info.plist; sourceTree = "<group>"; };
		89F3FA8C1B7B2217003A7BB8 /* main.m */ = {isa = PBXFileReference; lastKnownFileType = sourcecode.c.objc; path = main.m; sourceTree = "<group>"; };
		89F3FA8E1B7B2217003A7BB8 /* AppDelegate.h */ = {isa = PBXFileReference; lastKnownFileType = sourcecode.c.h; path = AppDelegate.h; sourceTree = "<group>"; };
		89F3FA8F1B7B2217003A7BB8 /* AppDelegate.m */ = {isa = PBXFileReference; lastKnownFileType = sourcecode.c.objc; path = AppDelegate.m; sourceTree = "<group>"; };
		89F3FA911B7B2217003A7BB8 /* ViewController.h */ = {isa = PBXFileReference; lastKnownFileType = sourcecode.c.h; path = ViewController.h; sourceTree = "<group>"; };
		89F3FA921B7B2217003A7BB8 /* ViewController.m */ = {isa = PBXFileReference; lastKnownFileType = sourcecode.c.objc; path = ViewController.m; sourceTree = "<group>"; };
		89F3FA951B7B2217003A7BB8 /* Base */ = {isa = PBXFileReference; lastKnownFileType = file.storyboard; name = Base; path = Base.lproj/Main.storyboard; sourceTree = "<group>"; };
		89F3FA971B7B2217003A7BB8 /* Images.xcassets */ = {isa = PBXFileReference; lastKnownFileType = folder.assetcatalog; path = Images.xcassets; sourceTree = "<group>"; };
		89F3FA9A1B7B2217003A7BB8 /* Base */ = {isa = PBXFileReference; lastKnownFileType = file.xib; name = Base; path = Base.lproj/LaunchScreen.xib; sourceTree = "<group>"; };
		89F3FAA01B7B2217003A7BB8 /* WDCustomKeyboardTests.xctest */ = {isa = PBXFileReference; explicitFileType = wrapper.cfbundle; includeInIndex = 0; path = WDCustomKeyboardTests.xctest; sourceTree = BUILT_PRODUCTS_DIR; };
		89F3FAA51B7B2217003A7BB8 /* Info.plist */ = {isa = PBXFileReference; lastKnownFileType = text.plist.xml; path = Info.plist; sourceTree = "<group>"; };
		89F3FAA61B7B2217003A7BB8 /* WDCustomKeyboardTests.m */ = {isa = PBXFileReference; lastKnownFileType = sourcecode.c.objc; path = WDCustomKeyboardTests.m; sourceTree = "<group>"; };
		89F3FAB11B7B2298003A7BB8 /* WDCustomKeyboard.h */ = {isa = PBXFileReference; fileEncoding = 4; lastKnownFileType = sourcecode.c.h; path = WDCustomKeyboard.h; sourceTree = "<group>"; };
		89F3FAB21B7B2298003A7BB8 /* WDCustomKeyboard.m */ = {isa = PBXFileReference; fileEncoding = 4; lastKnownFileType = sourcecode.c.objc; path = WDCustomKeyboard.m; sourceTree = "<group>"; };
		89F3FAB41B7B2A77003A7BB8 /* WDKeyboard.c */ = {isa = PBXFileReference; fileEncoding = 4; lastKnownFileType = sourcecode.c.c; path = WDKeyboard.c; sourceTree = "<group>"; };
		89F3FAB51B7B2A77003A7BB8 /* WDKeyboard.h */ = {isa = PBXFileReference; fileEncoding = 4; lastKnownFileType = sourcecode.c.h; path = WDKeyboard.h; sourceTree = "<group>"; };
/* End PBXFileReference section */

/* Begin PBXFrameworksBuildPhase section */
		89F3FA841B7B2217003A7BB8 /* Frameworks */ = {
			isa = PBXFrameworksBuildPhase;
			buildActionMask = 2147483647;
			files = (
			);
			runOnlyForDeploymentPostprocessing = 0;
		};
		89F3FA9D1B7B2217003A7BB8 /* Frameworks */ = {
			isa = PBXFrameworksBuildPhase;
			buildActionMask = 2147483647;
			files = (
			);
			runOnlyForDeploymentPostprocessing = 0;
		};
/* End PBXFrameworksBuildPhase section */

/* Begin PBXGroup section */
		89F3FA7E1B7B2217003A7BB8 = {
			isa = PBXGroup;
			children = (
				89F3FAB01B7B226D003A7BB8 /* Src */,
				89F3FA891B7B2217003A7BB8 /* WDCustomKeyboardDemo */,
				89F3FAA31B7B2217003A7BB8 /* WDCustomKeyboardTests */,
				89F3FA881B7B2217003A7BB8 /* Products */,
			);
			sourceTree = "<group>";
		};
		89F3FA881B7B2217003A7BB8 /* Products */ = {
			isa = PBXGroup;
			children = (
				89F3FA871B7B2217003A7BB8 /* WDCustomKeyboard.app */,
				89F3FAA01B7B2217003A7BB8 /* WDCustomKeyboardTests.xctest */,
			);
			name = Products;
			sourceTree = "<group>";
		};
		89F3FA891B7B2217003A7BB8 /* WDCustomKeyboardDemo */ = {
			isa = PBXGroup;
			children = (
				89F3FA8E1B7B2217003A7BB8 /* AppDelegate.h */,
				89F3FA8F1B7B2217003A7BB8 /* AppDelegate.m */,
				89F3FA911B7B2217003A7BB8 /* ViewController.h */,
				89F3FA921B7B2217003A7BB8 /* ViewController.m */,
				89F3FA941B7B2217003A7BB8 /* Main.storyboard */,
				89F3FA971B7B2217003A7BB8 /* Images.xcassets */,
				89F3FA991B7B2217003A7BB8 /* LaunchScreen.xib */,
				89F3FA8A1B7B2217003A7BB8 /* Supporting Files */,
			);
			name = WDCustomKeyboardDemo;
			path = WDCustomKeyboard;
			sourceTree = "<group>";
		};
		89F3FA8A1B7B2217003A7BB8 /* Supporting Files */ = {
			isa = PBXGroup;
			children = (
				89F3FA8B1B7B2217003A7BB8 /* Info.plist */,
				89F3FA8C1B7B2217003A7BB8 /* main.m */,
			);
			name = "Supporting Files";
			sourceTree = "<group>";
		};
		89F3FAA31B7B2217003A7BB8 /* WDCustomKeyboardTests */ = {
			isa = PBXGroup;
			children = (
				89F3FAA61B7B2217003A7BB8 /* WDCustomKeyboardTests.m */,
				89F3FAA41B7B2217003A7BB8 /* Supporting Files */,
			);
			path = WDCustomKeyboardTests;
			sourceTree = "<group>";
		};
		89F3FAA41B7B2217003A7BB8 /* Supporting Files */ = {
			isa = PBXGroup;
			children = (
				89F3FAA51B7B2217003A7BB8 /* Info.plist */,
			);
			name = "Supporting Files";
			sourceTree = "<group>";
		};
		89F3FAB01B7B226D003A7BB8 /* Src */ = {
			isa = PBXGroup;
			children = (
				89F3FAB11B7B2298003A7BB8 /* WDCustomKeyboard.h */,
				89F3FAB21B7B2298003A7BB8 /* WDCustomKeyboard.m */,
				89F3FAB51B7B2A77003A7BB8 /* WDKeyboard.h */,
				89F3FAB41B7B2A77003A7BB8 /* WDKeyboard.c */,
			);
			path = Src;
			sourceTree = "<group>";
		};
/* End PBXGroup section */

/* Begin PBXNativeTarget section */
		89F3FA861B7B2217003A7BB8 /* WDCustomKeyboard */ = {
			isa = PBXNativeTarget;
			buildConfigurationList = 89F3FAAA1B7B2217003A7BB8 /* Build configuration list for PBXNativeTarget "WDCustomKeyboard" */;
			buildPhases = (
				89F3FA831B7B2217003A7BB8 /* Sources */,
				89F3FA841B7B2217003A7BB8 /* Frameworks */,
				89F3FA851B7B2217003A7BB8 /* Resources */,
			);
			buildRules = (
			);
			dependencies = (
			);
			name = WDCustomKeyboard;
			productName = WDCustomKeyboard;
			productReference = 89F3FA871B7B2217003A7BB8 /* WDCustomKeyboard.app */;
			productType = "com.apple.product-type.application";
		};
		89F3FA9F1B7B2217003A7BB8 /* WDCustomKeyboardTests */ = {
			isa = PBXNativeTarget;
			buildConfigurationList = 89F3FAAD1B7B2217003A7BB8 /* Build configuration list for PBXNativeTarget "WDCustomKeyboardTests" */;
			buildPhases = (
				89F3FA9C1B7B2217003A7BB8 /* Sources */,
				89F3FA9D1B7B2217003A7BB8 /* Frameworks */,
				89F3FA9E1B7B2217003A7BB8 /* Resources */,
			);
			buildRules = (
			);
			dependencies = (
				89F3FAA21B7B2217003A7BB8 /* PBXTargetDependency */,
			);
			name = WDCustomKeyboardTests;
			productName = WDCustomKeyboardTests;
			productReference = 89F3FAA01B7B2217003A7BB8 /* WDCustomKeyboardTests.xctest */;
			productType = "com.apple.product-type.bundle.unit-test";
		};
/* End PBXNativeTarget section */

/* Begin PBXProject section */
		89F3FA7F1B7B2217003A7BB8 /* Project object */ = {
			isa = PBXProject;
			attributes = {
				LastUpgradeCheck = 0620;
				ORGANIZATIONNAME = zhangyuchen;
				TargetAttributes = {
					89F3FA861B7B2217003A7BB8 = {
						CreatedOnToolsVersion = 6.2;
					};
					89F3FA9F1B7B2217003A7BB8 = {
						CreatedOnToolsVersion = 6.2;
						TestTargetID = 89F3FA861B7B2217003A7BB8;
					};
				};
			};
			buildConfigurationList = 89F3FA821B7B2217003A7BB8 /* Build configuration list for PBXProject "WDCustomKeyboard" */;
			compatibilityVersion = "Xcode 3.2";
			developmentRegion = English;
			hasScannedForEncodings = 0;
			knownRegions = (
				en,
				Base,
			);
			mainGroup = 89F3FA7E1B7B2217003A7BB8;
			productRefGroup = 89F3FA881B7B2217003A7BB8 /* Products */;
			projectDirPath = "";
			projectRoot = "";
			targets = (
				89F3FA861B7B2217003A7BB8 /* WDCustomKeyboard */,
				89F3FA9F1B7B2217003A7BB8 /* WDCustomKeyboardTests */,
			);
		};
/* End PBXProject section */

/* Begin PBXResourcesBuildPhase section */
		89F3FA851B7B2217003A7BB8 /* Resources */ = {
			isa = PBXResourcesBuildPhase;
			buildActionMask = 2147483647;
			files = (
				89F3FA961B7B2217003A7BB8 /* Main.storyboard in Resources */,
				89F3FA9B1B7B2217003A7BB8 /* LaunchScreen.xib in Resources */,
				89F3FA981B7B2217003A7BB8 /* Images.xcassets in Resources */,
			);
			runOnlyForDeploymentPostprocessing = 0;
		};
		89F3FA9E1B7B2217003A7BB8 /* Resources */ = {
			isa = PBXResourcesBuildPhase;
			buildActionMask = 2147483647;
			files = (
			);
			runOnlyForDeploymentPostprocessing = 0;
		};
/* End PBXResourcesBuildPhase section */

/* Begin PBXSourcesBuildPhase section */
		89F3FA831B7B2217003A7BB8 /* Sources */ = {
			isa = PBXSourcesBuildPhase;
			buildActionMask = 2147483647;
			files = (
				89F3FAB31B7B2298003A7BB8 /* WDCustomKeyboard.m in Sources */,
				89F3FA931B7B2217003A7BB8 /* ViewController.m in Sources */,
				89F3FAB61B7B2A77003A7BB8 /* WDKeyboard.c in Sources */,
				89F3FA901B7B2217003A7BB8 /* AppDelegate.m in Sources */,
				89F3FA8D1B7B2217003A7BB8 /* main.m in Sources */,
			);
			runOnlyForDeploymentPostprocessing = 0;
		};
		89F3FA9C1B7B2217003A7BB8 /* Sources */ = {
			isa = PBXSourcesBuildPhase;
			buildActionMask = 2147483647;
			files = (
				89F3FAA71B7B2217003A7BB8 /* WDCustomKeyboardTests.m in Sources */,
			);
			runOnlyForDeploymentPostprocessing = 0;
		};
/* End PBXSourcesBuildPhase section */

/* Begin PBXTargetDependency section */
		89F3FAA21B7B2217003A7BB8 /* PBXTargetDependency */ = {
			isa = PBXTargetDependency;
			target = 89F3FA861B7B2217003A7BB8 /* WDCustomKeyboard */;
			targetProxy = 89F3FAA11B7B2217003A7BB8 /* PBXContainerItemProxy */;
		};
/* End PBXTargetDependency section */

/* Begin PBXVariantGroup section */
		89F3FA941B7B2217003A7BB8 /* Main.storyboard */ = {
			isa = PBXVariantGroup;
			children = (
				89F3FA951B7B2217003A7BB8 /* Base */,
			);
			name = Main.storyboard;
			sourceTree = "<group>";
		};
		89F3FA991B7B2217003A7BB8 /* LaunchScreen.xib */ = {
			isa = PBXVariantGroup;
			children = (
				89F3FA9A1B7B2217003A7BB8 /* Base */,
			);
			name = LaunchScreen.xib;
			sourceTree = "<group>";
		};
/* End PBXVariantGroup section */

/* Begin XCBuildConfiguration section */
		89F3FAA81B7B2217003A7BB8 /* Debug */ = {
			isa = XCBuildConfiguration;
			buildSettings = {
				ALWAYS_SEARCH_USER_PATHS = NO;
				CLANG_CXX_LANGUAGE_STANDARD = "gnu++0x";
				CLANG_CXX_LIBRARY = "libc++";
				CLANG_ENABLE_MODULES = YES;
				CLANG_ENABLE_OBJC_ARC = YES;
				CLANG_WARN_BOOL_CONVERSION = YES;
				CLANG_WARN_CONSTANT_CONVERSION = YES;
				CLANG_WARN_DIRECT_OBJC_ISA_USAGE = YES_ERROR;
				CLANG_WARN_EMPTY_BODY = YES;
				CLANG_WARN_ENUM_CONVERSION = YES;
				CLANG_WARN_INT_CONVERSION = YES;
				CLANG_WARN_OBJC_ROOT_CLASS = YES_ERROR;
				CLANG_WARN_UNREACHABLE_CODE = YES;
				CLANG_WARN__DUPLICATE_METHOD_MATCH = YES;
				"CODE_SIGN_IDENTITY[sdk=iphoneos*]" = "iPhone Developer";
				COPY_PHASE_STRIP = NO;
				ENABLE_STRICT_OBJC_MSGSEND = YES;
				GCC_C_LANGUAGE_STANDARD = gnu99;
				GCC_DYNAMIC_NO_PIC = NO;
				GCC_OPTIMIZATION_LEVEL = 0;
				GCC_PREPROCESSOR_DEFINITIONS = (
					"DEBUG=1",
					"$(inherited)",
				);
				GCC_SYMBOLS_PRIVATE_EXTERN = NO;
				GCC_WARN_64_TO_32_BIT_CONVERSION = YES;
				GCC_WARN_ABOUT_RETURN_TYPE = YES_ERROR;
				GCC_WARN_UNDECLARED_SELECTOR = YES;
				GCC_WARN_UNINITIALIZED_AUTOS = YES_AGGRESSIVE;
				GCC_WARN_UNUSED_FUNCTION = YES;
				GCC_WARN_UNUSED_VARIABLE = YES;
				IPHONEOS_DEPLOYMENT_TARGET = 8.2;
				MTL_ENABLE_DEBUG_INFO = YES;
				ONLY_ACTIVE_ARCH = YES;
				SDKROOT = iphoneos;
				TARGETED_DEVICE_FAMILY = "1,2";
			};
			name = Debug;
		};
		89F3FAA91B7B2217003A7BB8 /* Release */ = {
			isa = XCBuildConfiguration;
			buildSettings = {
				ALWAYS_SEARCH_USER_PATHS = NO;
				CLANG_CXX_LANGUAGE_STANDARD = "gnu++0x";
				CLANG_CXX_LIBRARY = "libc++";
				CLANG_ENABLE_MODULES = YES;
				CLANG_ENABLE_OBJC_ARC = YES;
				CLANG_WARN_BOOL_CONVERSION = YES;
				CLANG_WARN_CONSTANT_CONVERSION = YES;
				CLANG_WARN_DIRECT_OBJC_ISA_USAGE = YES_ERROR;
				CLANG_WARN_EMPTY_BODY = YES;
				CLANG_WARN_ENUM_CONVERSION = YES;
				CLANG_WARN_INT_CONVERSION = YES;
				CLANG_WARN_OBJC_ROOT_CLASS = YES_ERROR;
				CLANG_WARN_UNREACHABLE_CODE = YES;
				CLANG_WARN__DUPLICATE_METHOD_MATCH = YES;
				"CODE_SIGN_IDENTITY[sdk=iphoneos*]" = "iPhone Developer";
				COPY_PHASE_STRIP = NO;
				ENABLE_NS_ASSERTIONS = NO;
				ENABLE_STRICT_OBJC_MSGSEND = YES;
				GCC_C_LANGUAGE_STANDARD = gnu99;
				GCC_WARN_64_TO_32_BIT_CONVERSION = YES;
				GCC_WARN_ABOUT_RETURN_TYPE = YES_ERROR;
				GCC_WARN_UNDECLARED_SELECTOR = YES;
				GCC_WARN_UNINITIALIZED_AUTOS = YES_AGGRESSIVE;
				GCC_WARN_UNUSED_FUNCTION = YES;
				GCC_WARN_UNUSED_VARIABLE = YES;
				IPHONEOS_DEPLOYMENT_TARGET = 8.2;
				MTL_ENABLE_DEBUG_INFO = NO;
				SDKROOT = iphoneos;
				TARGETED_DEVICE_FAMILY = "1,2";
				VALIDATE_PRODUCT = YES;
			};
			name = Release;
		};
		89F3FAAB1B7B2217003A7BB8 /* Debug */ = {
			isa = XCBuildConfiguration;
			buildSettings = {
				ASSETCATALOG_COMPILER_APPICON_NAME = AppIcon;
				INFOPLIST_FILE = WDCustomKeyboard/Info.plist;
				IPHONEOS_DEPLOYMENT_TARGET = 6.0;
				LD_RUNPATH_SEARCH_PATHS = "$(inherited) @executable_path/Frameworks";
				PRODUCT_NAME = "$(TARGET_NAME)";
			};
			name = Debug;
		};
		89F3FAAC1B7B2217003A7BB8 /* Release */ = {
			isa = XCBuildConfiguration;
			buildSettings = {
				ASSETCATALOG_COMPILER_APPICON_NAME = AppIcon;
				INFOPLIST_FILE = WDCustomKeyboard/Info.plist;
				IPHONEOS_DEPLOYMENT_TARGET = 6.0;
				LD_RUNPATH_SEARCH_PATHS = "$(inherited) @executable_path/Frameworks";
				PRODUCT_NAME = "$(TARGET_NAME)";
			};
			name = Release;
		};
		89F3FAAE1B7B2217003A7BB8 /* Debug */ = {
			isa = XCBuildConfiguration;
			buildSettings = {
				BUNDLE_LOADER = "$(TEST_HOST)";
				FRAMEWORK_SEARCH_PATHS = (
					"$(SDKROOT)/Developer/Library/Frameworks",
					"$(inherited)",
				);
				GCC_PREPROCESSOR_DEFINITIONS = (
					"DEBUG=1",
					"$(inherited)",
				);
				INFOPLIST_FILE = WDCustomKeyboardTests/Info.plist;
				LD_RUNPATH_SEARCH_PATHS = "$(inherited) @executable_path/Frameworks @loader_path/Frameworks";
				PRODUCT_NAME = "$(TARGET_NAME)";
				TEST_HOST = "$(BUILT_PRODUCTS_DIR)/WDCustomKeyboard.app/WDCustomKeyboard";
			};
			name = Debug;
		};
		89F3FAAF1B7B2217003A7BB8 /* Release */ = {
			isa = XCBuildConfiguration;
			buildSettings = {
				BUNDLE_LOADER = "$(TEST_HOST)";
				FRAMEWORK_SEARCH_PATHS = (
					"$(SDKROOT)/Developer/Library/Frameworks",
					"$(inherited)",
				);
				INFOPLIST_FILE = WDCustomKeyboardTests/Info.plist;
				LD_RUNPATH_SEARCH_PATHS = "$(inherited) @executable_path/Frameworks @loader_path/Frameworks";
				PRODUCT_NAME = "$(TARGET_NAME)";
				TEST_HOST = "$(BUILT_PRODUCTS_DIR)/WDCustomKeyboard.app/WDCustomKeyboard";
			};
			name = Release;
		};
/* End XCBuildConfiguration section */

/* Begin XCConfigurationList section */
		89F3FA821B7B2217003A7BB8 /* Build configuration list for PBXProject "WDCustomKeyboard" */ = {
			isa = XCConfigurationList;
			buildConfigurations = (
				89F3FAA81B7B2217003A7BB8 /* Debug */,
				89F3FAA91B7B2217003A7BB8 /* Release */,
			);
			defaultConfigurationIsVisible = 0;
			defaultConfigurationName = Release;
		};
		89F3FAAA1B7B2217003A7BB8 /* Build configuration list for PBXNativeTarget "WDCustomKeyboard" */ = {
			isa = XCConfigurationList;
			buildConfigurations = (
				89F3FAAB1B7B2217003A7BB8 /* Debug */,
				89F3FAAC1B7B2217003A7BB8 /* Release */,
			);
			defaultConfigurationIsVisible = 0;
			defaultConfigurationName = Release;
		};
		89F3FAAD1B7B2217003A7BB8 /* Build configuration list for PBXNativeTarget "WDCustomKeyboardTests" */ = {
			isa = XCConfigurationList;
			buildConfigurations = (
				89F3FAAE1B7B2217003A7BB8 /* Debug */,
				89F3FAAF1B7B2217003A7BB8 /* Release */,
			);
			defaultConfigurationIsVisible = 0;
			defaultConfigurationName = Release;
		};
/* End XCConfigurationList section */
	};
	rootObject = 89F3FA7F1B7B2217003A7BB8 /* Project object */;
}
